
Microsoft Visual Studio Solution File, Format Version 12.00
# Visual Studio Version 16
VisualStudioVersion = 16.0.30523.141
MinimumVisualStudioVersion = 10.0.40219.1
Project("{FAE04EC0-301F-11D3-BF4B-00C04F79EFBC}") = "ActionAndFuncT", "ActionAndFuncT\ActionAndFuncT.csproj", "{5C2EE6F3-F563-4DED-8B91-A284773F82FC}"
EndProject
Global
	GlobalSection(SolutionConfigurationPlatforms) = preSolution
		Debug|Any CPU = Debug|Any CPU
		Release|Any CPU = Release|Any CPU
	EndGlobalSection
	GlobalSection(ProjectConfigurationPlatforms) = postSolution
		{5C2EE6F3-F563-4DED-8B91-A284773F82FC}.Debug|Any CPU.ActiveCfg = Debug|Any CPU
		{5C2EE6F3-F563-4DED-8B91-A284773F82FC}.Debug|Any CPU.Build.0 = Debug|Any CPU
		{5C2EE6F3-F563-4DED-8B91-A284773F82FC}.Release|Any CPU.ActiveCfg = Release|Any CPU
		{5C2EE6F3-F563-4DED-8B91-A284773F82FC}.Release|Any CPU.Build.0 = Release|Any CPU
	EndGlobalSection
	GlobalSection(SolutionProperties) = preSolution
		HideSolutionNode = FALSE
	EndGlobalSection
	GlobalSection(ExtensibilityGlobals) = postSolution
		SolutionGuid = {DD989CAC-96C9-4BC6-BCAE-E20D4506896F}
	EndGlobalSection
EndGlobal
